// !$*UTF8*$!
{
	archiveVersion = 1;
	classes = {
	};
	objectVersion = 55;
	objects = {

/* Begin PBXBuildFile section */
		7D3DFB1528DDF696005A13F3 /* ImagesListCell.swift in Sources */ = {isa = PBXBuildFile; fileRef = 7D3DFB1328DDF696005A13F3 /* ImagesListCell.swift */; };
		7D3DFB1628DDF696005A13F3 /* ImagesListViewController.swift in Sources */ = {isa = PBXBuildFile; fileRef = 7D3DFB1428DDF696005A13F3 /* ImagesListViewController.swift */; };
		7D9CFA4328DDEE7F00D971A7 /* AppDelegate.swift in Sources */ = {isa = PBXBuildFile; fileRef = 7D9CFA4228DDEE7F00D971A7 /* AppDelegate.swift */; };
		7D9CFA4528DDEE7F00D971A7 /* SceneDelegate.swift in Sources */ = {isa = PBXBuildFile; fileRef = 7D9CFA4428DDEE7F00D971A7 /* SceneDelegate.swift */; };
		929BA3CA299CEAB1005DD7F3 /* ProgressHUD in Frameworks */ = {isa = PBXBuildFile; productRef = 929BA3C9299CEAB1005DD7F3 /* ProgressHUD */; };
		929BA3CC299FAE68005DD7F3 /* UIBlockingProgress.swift in Sources */ = {isa = PBXBuildFile; fileRef = 929BA3CB299FAE68005DD7F3 /* UIBlockingProgress.swift */; };
		929BA3CE29A09D4E005DD7F3 /* ProfileService.swift in Sources */ = {isa = PBXBuildFile; fileRef = 929BA3CD29A09D4E005DD7F3 /* ProfileService.swift */; };
		929BA3E029AAF99B005DD7F3 /* Profile.swift in Sources */ = {isa = PBXBuildFile; fileRef = 929BA3DF29AAF99B005DD7F3 /* Profile.swift */; };
		929BA3E229AAF9AA005DD7F3 /* ProfileResult.swift in Sources */ = {isa = PBXBuildFile; fileRef = 929BA3E129AAF9AA005DD7F3 /* ProfileResult.swift */; };
		929BA3E629AC5DB8005DD7F3 /* ProfileImageService.swift in Sources */ = {isa = PBXBuildFile; fileRef = 929BA3E529AC5DB8005DD7F3 /* ProfileImageService.swift */; };
		929BA3E829AC5EBB005DD7F3 /* UserResult.swift in Sources */ = {isa = PBXBuildFile; fileRef = 929BA3E729AC5EBB005DD7F3 /* UserResult.swift */; };
		929BA3EA29ADB8BE005DD7F3 /* Alert.swift in Sources */ = {isa = PBXBuildFile; fileRef = 929BA3E929ADB8BE005DD7F3 /* Alert.swift */; };
		92A0C6C92972AA5E00A1C191 /* SingleImageViewController.swift in Sources */ = {isa = PBXBuildFile; fileRef = 92A0C6C82972AA5E00A1C191 /* SingleImageViewController.swift */; };
		92A10611296D86F4004488D0 /* ProfileViewController.swift in Sources */ = {isa = PBXBuildFile; fileRef = 92A10610296D86F4004488D0 /* ProfileViewController.swift */; };
		92BF40BE2997CD4500A26317 /* Assets.xcassets in Resources */ = {isa = PBXBuildFile; fileRef = 92BF40BD2997CD4500A26317 /* Assets.xcassets */; };
		92BF40C12997CD7C00A26317 /* Main.storyboard in Resources */ = {isa = PBXBuildFile; fileRef = 92BF40BF2997CD7C00A26317 /* Main.storyboard */; };
		92D6347A2982ACCA008BF657 /* WebViewViewController.swift in Sources */ = {isa = PBXBuildFile; fileRef = 92D634792982ACCA008BF657 /* WebViewViewController.swift */; };
		92D6347C2982ACE4008BF657 /* AuthViewController.swift in Sources */ = {isa = PBXBuildFile; fileRef = 92D6347B2982ACE4008BF657 /* AuthViewController.swift */; };
		92E32015299263B000F4E33E /* OauthTokenResponseBody.swift in Sources */ = {isa = PBXBuildFile; fileRef = 92E32014299263B000F4E33E /* OauthTokenResponseBody.swift */; };
		92EB0CFF29AF097F007D9660 /* Kingfisher in Frameworks */ = {isa = PBXBuildFile; productRef = 92EB0CFE29AF097F007D9660 /* Kingfisher */; };
		92EB0D0229AF8B40007D9660 /* SwiftKeychainWrapper in Frameworks */ = {isa = PBXBuildFile; productRef = 92EB0D0129AF8B40007D9660 /* SwiftKeychainWrapper */; };
		92ECFC42297FF76200CA80C4 /* Constants.swift in Sources */ = {isa = PBXBuildFile; fileRef = 92ECFC41297FF76200CA80C4 /* Constants.swift */; };
		92FFCFC4298F6A3500F63B0C /* Oath2Service.swift in Sources */ = {isa = PBXBuildFile; fileRef = 92FFCFC3298F6A3500F63B0C /* Oath2Service.swift */; };
		92FFCFC6298F6B5B00F63B0C /* Oath2TokenStorage.swift in Sources */ = {isa = PBXBuildFile; fileRef = 92FFCFC5298F6B5B00F63B0C /* Oath2TokenStorage.swift */; };
		92FFCFC8298F770D00F63B0C /* SplashViewController.swift in Sources */ = {isa = PBXBuildFile; fileRef = 92FFCFC7298F770D00F63B0C /* SplashViewController.swift */; };
/* End PBXBuildFile section */

/* Begin PBXFileReference section */
		7D3DFB1328DDF696005A13F3 /* ImagesListCell.swift */ = {isa = PBXFileReference; fileEncoding = 4; lastKnownFileType = sourcecode.swift; path = ImagesListCell.swift; sourceTree = "<group>"; };
		7D3DFB1428DDF696005A13F3 /* ImagesListViewController.swift */ = {isa = PBXFileReference; fileEncoding = 4; lastKnownFileType = sourcecode.swift; path = ImagesListViewController.swift; sourceTree = "<group>"; };
		7D9CFA3F28DDEE7F00D971A7 /* Image Feed.app */ = {isa = PBXFileReference; explicitFileType = wrapper.application; includeInIndex = 0; path = "Image Feed.app"; sourceTree = BUILT_PRODUCTS_DIR; };
		7D9CFA4228DDEE7F00D971A7 /* AppDelegate.swift */ = {isa = PBXFileReference; lastKnownFileType = sourcecode.swift; path = AppDelegate.swift; sourceTree = "<group>"; };
		7D9CFA4428DDEE7F00D971A7 /* SceneDelegate.swift */ = {isa = PBXFileReference; lastKnownFileType = sourcecode.swift; path = SceneDelegate.swift; sourceTree = "<group>"; };
		7D9CFA4E28DDEE8000D971A7 /* Base */ = {isa = PBXFileReference; lastKnownFileType = file.storyboard; name = Base; path = Base.lproj/LaunchScreen.storyboard; sourceTree = "<group>"; };
		7D9CFA5028DDEE8000D971A7 /* Info.plist */ = {isa = PBXFileReference; lastKnownFileType = text.plist.xml; path = Info.plist; sourceTree = "<group>"; };
		929BA3CB299FAE68005DD7F3 /* UIBlockingProgress.swift */ = {isa = PBXFileReference; lastKnownFileType = sourcecode.swift; path = UIBlockingProgress.swift; sourceTree = "<group>"; };
		929BA3CD29A09D4E005DD7F3 /* ProfileService.swift */ = {isa = PBXFileReference; lastKnownFileType = sourcecode.swift; path = ProfileService.swift; sourceTree = "<group>"; };
		929BA3DF29AAF99B005DD7F3 /* Profile.swift */ = {isa = PBXFileReference; lastKnownFileType = sourcecode.swift; path = Profile.swift; sourceTree = "<group>"; };
		929BA3E129AAF9AA005DD7F3 /* ProfileResult.swift */ = {isa = PBXFileReference; lastKnownFileType = sourcecode.swift; path = ProfileResult.swift; sourceTree = "<group>"; };
		929BA3E529AC5DB8005DD7F3 /* ProfileImageService.swift */ = {isa = PBXFileReference; lastKnownFileType = sourcecode.swift; path = ProfileImageService.swift; sourceTree = "<group>"; };
		929BA3E729AC5EBB005DD7F3 /* UserResult.swift */ = {isa = PBXFileReference; lastKnownFileType = sourcecode.swift; path = UserResult.swift; sourceTree = "<group>"; };
		929BA3E929ADB8BE005DD7F3 /* Alert.swift */ = {isa = PBXFileReference; lastKnownFileType = sourcecode.swift; path = Alert.swift; sourceTree = "<group>"; };
		92A0C6C82972AA5E00A1C191 /* SingleImageViewController.swift */ = {isa = PBXFileReference; lastKnownFileType = sourcecode.swift; path = SingleImageViewController.swift; sourceTree = "<group>"; };
		92A10610296D86F4004488D0 /* ProfileViewController.swift */ = {isa = PBXFileReference; lastKnownFileType = sourcecode.swift; path = ProfileViewController.swift; sourceTree = "<group>"; };
		92BF40BD2997CD4500A26317 /* Assets.xcassets */ = {isa = PBXFileReference; lastKnownFileType = folder.assetcatalog; path = Assets.xcassets; sourceTree = "<group>"; };
		92BF40C02997CD7C00A26317 /* Base */ = {isa = PBXFileReference; lastKnownFileType = file.storyboard; name = Base; path = Base.lproj/Main.storyboard; sourceTree = "<group>"; };
		92D634792982ACCA008BF657 /* WebViewViewController.swift */ = {isa = PBXFileReference; lastKnownFileType = sourcecode.swift; path = WebViewViewController.swift; sourceTree = "<group>"; };
		92D6347B2982ACE4008BF657 /* AuthViewController.swift */ = {isa = PBXFileReference; lastKnownFileType = sourcecode.swift; path = AuthViewController.swift; sourceTree = "<group>"; };
		92E32014299263B000F4E33E /* OauthTokenResponseBody.swift */ = {isa = PBXFileReference; lastKnownFileType = sourcecode.swift; path = OauthTokenResponseBody.swift; sourceTree = "<group>"; };
		92ECFC41297FF76200CA80C4 /* Constants.swift */ = {isa = PBXFileReference; lastKnownFileType = sourcecode.swift; path = Constants.swift; sourceTree = "<group>"; };
		92FFCFC3298F6A3500F63B0C /* Oath2Service.swift */ = {isa = PBXFileReference; lastKnownFileType = sourcecode.swift; path = Oath2Service.swift; sourceTree = "<group>"; };
		92FFCFC5298F6B5B00F63B0C /* Oath2TokenStorage.swift */ = {isa = PBXFileReference; lastKnownFileType = sourcecode.swift; path = Oath2TokenStorage.swift; sourceTree = "<group>"; };
		92FFCFC7298F770D00F63B0C /* SplashViewController.swift */ = {isa = PBXFileReference; lastKnownFileType = sourcecode.swift; path = SplashViewController.swift; sourceTree = "<group>"; };
/* End PBXFileReference section */

/* Begin PBXFrameworksBuildPhase section */
		7D9CFA3C28DDEE7F00D971A7 /* Frameworks */ = {
			isa = PBXFrameworksBuildPhase;
			buildActionMask = 2147483647;
			files = (
				92EB0CFF29AF097F007D9660 /* Kingfisher in Frameworks */,
				929BA3CA299CEAB1005DD7F3 /* ProgressHUD in Frameworks */,
				92EB0D0229AF8B40007D9660 /* SwiftKeychainWrapper in Frameworks */,
			);
			runOnlyForDeploymentPostprocessing = 0;
		};
/* End PBXFrameworksBuildPhase section */

/* Begin PBXGroup section */
		7D9CFA3628DDEE7F00D971A7 = {
			isa = PBXGroup;
			children = (
				7D9CFA4128DDEE7F00D971A7 /* Image Feed */,
				7D9CFA4028DDEE7F00D971A7 /* Products */,
			);
			sourceTree = "<group>";
		};
		7D9CFA4028DDEE7F00D971A7 /* Products */ = {
			isa = PBXGroup;
			children = (
				7D9CFA3F28DDEE7F00D971A7 /* Image Feed.app */,
			);
			name = Products;
			sourceTree = "<group>";
		};
		7D9CFA4128DDEE7F00D971A7 /* Image Feed */ = {
			isa = PBXGroup;
			children = (
				929BA3E929ADB8BE005DD7F3 /* Alert.swift */,
				929BA3CB299FAE68005DD7F3 /* UIBlockingProgress.swift */,
				92ECFC41297FF76200CA80C4 /* Constants.swift */,
				92FFCFC7298F770D00F63B0C /* SplashViewController.swift */,
				92FFCFC9298F772600F63B0C /* Oath2 */,
				92D634782982AB8E008BF657 /* Auth */,
				92A1060F296D86C3004488D0 /* Profile */,
				92A0C6CA297558ED00A1C191 /* SingleImageViewController */,
				7D9CFA4228DDEE7F00D971A7 /* AppDelegate.swift */,
				7D9CFA4428DDEE7F00D971A7 /* SceneDelegate.swift */,
				7D9CFA5A28DDF66900D971A7 /* ImagesList */,
				92BF40BF2997CD7C00A26317 /* Main.storyboard */,
				7D9CFA4D28DDEE8000D971A7 /* LaunchScreen.storyboard */,
				7D9CFA5028DDEE8000D971A7 /* Info.plist */,
				92BF40BD2997CD4500A26317 /* Assets.xcassets */,
			);
			path = "Image Feed";
			sourceTree = "<group>";
		};
		7D9CFA5A28DDF66900D971A7 /* ImagesList */ = {
			isa = PBXGroup;
			children = (
				7D3DFB1328DDF696005A13F3 /* ImagesListCell.swift */,
				7D3DFB1428DDF696005A13F3 /* ImagesListViewController.swift */,
			);
			path = ImagesList;
			sourceTree = "<group>";
		};
		929BA3E329AC5D88005DD7F3 /* ProfileImageService */ = {
			isa = PBXGroup;
			children = (
				929BA3E529AC5DB8005DD7F3 /* ProfileImageService.swift */,
				929BA3E729AC5EBB005DD7F3 /* UserResult.swift */,
			);
			path = ProfileImageService;
			sourceTree = "<group>";
		};
		929BA3E429AC5D94005DD7F3 /* ProfileService */ = {
			isa = PBXGroup;
			children = (
				929BA3CD29A09D4E005DD7F3 /* ProfileService.swift */,
				929BA3DF29AAF99B005DD7F3 /* Profile.swift */,
				929BA3E129AAF9AA005DD7F3 /* ProfileResult.swift */,
			);
			path = ProfileService;
			sourceTree = "<group>";
		};
		92A0C6CA297558ED00A1C191 /* SingleImageViewController */ = {
			isa = PBXGroup;
			children = (
				92A0C6C82972AA5E00A1C191 /* SingleImageViewController.swift */,
			);
			path = SingleImageViewController;
			sourceTree = "<group>";
		};
		92A1060F296D86C3004488D0 /* Profile */ = {
			isa = PBXGroup;
			children = (
				92A10610296D86F4004488D0 /* ProfileViewController.swift */,
				929BA3E429AC5D94005DD7F3 /* ProfileService */,
				929BA3E329AC5D88005DD7F3 /* ProfileImageService */,
			);
			path = Profile;
			sourceTree = "<group>";
		};
		92D634782982AB8E008BF657 /* Auth */ = {
			isa = PBXGroup;
			children = (
				92D634792982ACCA008BF657 /* WebViewViewController.swift */,
				92D6347B2982ACE4008BF657 /* AuthViewController.swift */,
				92E32014299263B000F4E33E /* OauthTokenResponseBody.swift */,
			);
			path = Auth;
			sourceTree = "<group>";
		};
		92FFCFC9298F772600F63B0C /* Oath2 */ = {
			isa = PBXGroup;
			children = (
				92FFCFC3298F6A3500F63B0C /* Oath2Service.swift */,
				92FFCFC5298F6B5B00F63B0C /* Oath2TokenStorage.swift */,
			);
			path = Oath2;
			sourceTree = "<group>";
		};
/* End PBXGroup section */

/* Begin PBXNativeTarget section */
		7D9CFA3E28DDEE7F00D971A7 /* Image Feed */ = {
			isa = PBXNativeTarget;
			buildConfigurationList = 7D9CFA5328DDEE8000D971A7 /* Build configuration list for PBXNativeTarget "Image Feed" */;
			buildPhases = (
				7D9CFA3B28DDEE7F00D971A7 /* Sources */,
				7D9CFA3C28DDEE7F00D971A7 /* Frameworks */,
				7D9CFA3D28DDEE7F00D971A7 /* Resources */,
			);
			buildRules = (
			);
			dependencies = (
			);
			name = "Image Feed";
			packageProductDependencies = (
				929BA3C9299CEAB1005DD7F3 /* ProgressHUD */,
				92EB0CFE29AF097F007D9660 /* Kingfisher */,
				92EB0D0129AF8B40007D9660 /* SwiftKeychainWrapper */,
			);
			productName = "Image Feed";
			productReference = 7D9CFA3F28DDEE7F00D971A7 /* Image Feed.app */;
			productType = "com.apple.product-type.application";
		};
/* End PBXNativeTarget section */

/* Begin PBXProject section */
		7D9CFA3728DDEE7F00D971A7 /* Project object */ = {
			isa = PBXProject;
			attributes = {
				BuildIndependentTargetsInParallel = 1;
				LastSwiftUpdateCheck = 1340;
				LastUpgradeCheck = 1340;
				TargetAttributes = {
					7D9CFA3E28DDEE7F00D971A7 = {
						CreatedOnToolsVersion = 13.4.1;
					};
				};
			};
			buildConfigurationList = 7D9CFA3A28DDEE7F00D971A7 /* Build configuration list for PBXProject "ImageFeed" */;
			compatibilityVersion = "Xcode 13.0";
			developmentRegion = en;
			hasScannedForEncodings = 0;
			knownRegions = (
				en,
				Base,
			);
			mainGroup = 7D9CFA3628DDEE7F00D971A7;
			packageReferences = (
				929BA3C8299CEAB1005DD7F3 /* XCRemoteSwiftPackageReference "ProgressHUD" */,
				92EB0CFD29AF097F007D9660 /* XCRemoteSwiftPackageReference "Kingfisher" */,
				92EB0D0029AF8B40007D9660 /* XCRemoteSwiftPackageReference "SwiftKeyChainWrapper" */,
			);
			productRefGroup = 7D9CFA4028DDEE7F00D971A7 /* Products */;
			projectDirPath = "";
			projectRoot = "";
			targets = (
				7D9CFA3E28DDEE7F00D971A7 /* Image Feed */,
			);
		};
/* End PBXProject section */

/* Begin PBXResourcesBuildPhase section */
		7D9CFA3D28DDEE7F00D971A7 /* Resources */ = {
			isa = PBXResourcesBuildPhase;
			buildActionMask = 2147483647;
			files = (
				92BF40BE2997CD4500A26317 /* Assets.xcassets in Resources */,
				92BF40C12997CD7C00A26317 /* Main.storyboard in Resources */,
			);
			runOnlyForDeploymentPostprocessing = 0;
		};
/* End PBXResourcesBuildPhase section */

/* Begin PBXSourcesBuildPhase section */
		7D9CFA3B28DDEE7F00D971A7 /* Sources */ = {
			isa = PBXSourcesBuildPhase;
			buildActionMask = 2147483647;
			files = (
				7D9CFA4328DDEE7F00D971A7 /* AppDelegate.swift in Sources */,
				7D9CFA4528DDEE7F00D971A7 /* SceneDelegate.swift in Sources */,
				929BA3E229AAF9AA005DD7F3 /* ProfileResult.swift in Sources */,
				92A10611296D86F4004488D0 /* ProfileViewController.swift in Sources */,
				92FFCFC8298F770D00F63B0C /* SplashViewController.swift in Sources */,
				7D3DFB1628DDF696005A13F3 /* ImagesListViewController.swift in Sources */,
				92E32015299263B000F4E33E /* OauthTokenResponseBody.swift in Sources */,
				92FFCFC4298F6A3500F63B0C /* Oath2Service.swift in Sources */,
				929BA3E029AAF99B005DD7F3 /* Profile.swift in Sources */,
				92ECFC42297FF76200CA80C4 /* Constants.swift in Sources */,
				92A0C6C92972AA5E00A1C191 /* SingleImageViewController.swift in Sources */,
				929BA3E829AC5EBB005DD7F3 /* UserResult.swift in Sources */,
				92FFCFC6298F6B5B00F63B0C /* Oath2TokenStorage.swift in Sources */,
				92D6347A2982ACCA008BF657 /* WebViewViewController.swift in Sources */,
				92D6347C2982ACE4008BF657 /* AuthViewController.swift in Sources */,
				7D3DFB1528DDF696005A13F3 /* ImagesListCell.swift in Sources */,
				929BA3E629AC5DB8005DD7F3 /* ProfileImageService.swift in Sources */,
				929BA3CC299FAE68005DD7F3 /* UIBlockingProgress.swift in Sources */,
				929BA3EA29ADB8BE005DD7F3 /* Alert.swift in Sources */,
				929BA3CE29A09D4E005DD7F3 /* ProfileService.swift in Sources */,
			);
			runOnlyForDeploymentPostprocessing = 0;
		};
/* End PBXSourcesBuildPhase section */

/* Begin PBXVariantGroup section */
		7D9CFA4D28DDEE8000D971A7 /* LaunchScreen.storyboard */ = {
			isa = PBXVariantGroup;
			children = (
				7D9CFA4E28DDEE8000D971A7 /* Base */,
			);
			name = LaunchScreen.storyboard;
			sourceTree = "<group>";
		};
		92BF40BF2997CD7C00A26317 /* Main.storyboard */ = {
			isa = PBXVariantGroup;
			children = (
				92BF40C02997CD7C00A26317 /* Base */,
			);
			name = Main.storyboard;
			sourceTree = "<group>";
		};
/* End PBXVariantGroup section */

/* Begin XCBuildConfiguration section */
		7D9CFA5128DDEE8000D971A7 /* Debug */ = {
			isa = XCBuildConfiguration;
			buildSettings = {
				ALWAYS_SEARCH_USER_PATHS = NO;
				CLANG_ANALYZER_NONNULL = YES;
				CLANG_ANALYZER_NUMBER_OBJECT_CONVERSION = YES_AGGRESSIVE;
				CLANG_CXX_LANGUAGE_STANDARD = "gnu++17";
				CLANG_ENABLE_MODULES = YES;
				CLANG_ENABLE_OBJC_ARC = YES;
				CLANG_ENABLE_OBJC_WEAK = YES;
				CLANG_WARN_BLOCK_CAPTURE_AUTORELEASING = YES;
				CLANG_WARN_BOOL_CONVERSION = YES;
				CLANG_WARN_COMMA = YES;
				CLANG_WARN_CONSTANT_CONVERSION = YES;
				CLANG_WARN_DEPRECATED_OBJC_IMPLEMENTATIONS = YES;
				CLANG_WARN_DIRECT_OBJC_ISA_USAGE = YES_ERROR;
				CLANG_WARN_DOCUMENTATION_COMMENTS = YES;
				CLANG_WARN_EMPTY_BODY = YES;
				CLANG_WARN_ENUM_CONVERSION = YES;
				CLANG_WARN_INFINITE_RECURSION = YES;
				CLANG_WARN_INT_CONVERSION = YES;
				CLANG_WARN_NON_LITERAL_NULL_CONVERSION = YES;
				CLANG_WARN_OBJC_IMPLICIT_RETAIN_SELF = YES;
				CLANG_WARN_OBJC_LITERAL_CONVERSION = YES;
				CLANG_WARN_OBJC_ROOT_CLASS = YES_ERROR;
				CLANG_WARN_QUOTED_INCLUDE_IN_FRAMEWORK_HEADER = YES;
				CLANG_WARN_RANGE_LOOP_ANALYSIS = YES;
				CLANG_WARN_STRICT_PROTOTYPES = YES;
				CLANG_WARN_SUSPICIOUS_MOVE = YES;
				CLANG_WARN_UNGUARDED_AVAILABILITY = YES_AGGRESSIVE;
				CLANG_WARN_UNREACHABLE_CODE = YES;
				CLANG_WARN__DUPLICATE_METHOD_MATCH = YES;
				COPY_PHASE_STRIP = NO;
				DEBUG_INFORMATION_FORMAT = dwarf;
				ENABLE_STRICT_OBJC_MSGSEND = YES;
				ENABLE_TESTABILITY = YES;
				GCC_C_LANGUAGE_STANDARD = gnu11;
				GCC_DYNAMIC_NO_PIC = NO;
				GCC_NO_COMMON_BLOCKS = YES;
				GCC_OPTIMIZATION_LEVEL = 0;
				GCC_PREPROCESSOR_DEFINITIONS = (
					"DEBUG=1",
					"$(inherited)",
				);
				GCC_WARN_64_TO_32_BIT_CONVERSION = YES;
				GCC_WARN_ABOUT_RETURN_TYPE = YES_ERROR;
				GCC_WARN_UNDECLARED_SELECTOR = YES;
				GCC_WARN_UNINITIALIZED_AUTOS = YES_AGGRESSIVE;
				GCC_WARN_UNUSED_FUNCTION = YES;
				GCC_WARN_UNUSED_VARIABLE = YES;
				IPHONEOS_DEPLOYMENT_TARGET = 13.0;
				MTL_ENABLE_DEBUG_INFO = INCLUDE_SOURCE;
				MTL_FAST_MATH = YES;
				ONLY_ACTIVE_ARCH = YES;
				SDKROOT = iphoneos;
				SWIFT_ACTIVE_COMPILATION_CONDITIONS = DEBUG;
				SWIFT_OPTIMIZATION_LEVEL = "-Onone";
			};
			name = Debug;
		};
		7D9CFA5228DDEE8000D971A7 /* Release */ = {
			isa = XCBuildConfiguration;
			buildSettings = {
				ALWAYS_SEARCH_USER_PATHS = NO;
				CLANG_ANALYZER_NONNULL = YES;
				CLANG_ANALYZER_NUMBER_OBJECT_CONVERSION = YES_AGGRESSIVE;
				CLANG_CXX_LANGUAGE_STANDARD = "gnu++17";
				CLANG_ENABLE_MODULES = YES;
				CLANG_ENABLE_OBJC_ARC = YES;
				CLANG_ENABLE_OBJC_WEAK = YES;
				CLANG_WARN_BLOCK_CAPTURE_AUTORELEASING = YES;
				CLANG_WARN_BOOL_CONVERSION = YES;
				CLANG_WARN_COMMA = YES;
				CLANG_WARN_CONSTANT_CONVERSION = YES;
				CLANG_WARN_DEPRECATED_OBJC_IMPLEMENTATIONS = YES;
				CLANG_WARN_DIRECT_OBJC_ISA_USAGE = YES_ERROR;
				CLANG_WARN_DOCUMENTATION_COMMENTS = YES;
				CLANG_WARN_EMPTY_BODY = YES;
				CLANG_WARN_ENUM_CONVERSION = YES;
				CLANG_WARN_INFINITE_RECURSION = YES;
				CLANG_WARN_INT_CONVERSION = YES;
				CLANG_WARN_NON_LITERAL_NULL_CONVERSION = YES;
				CLANG_WARN_OBJC_IMPLICIT_RETAIN_SELF = YES;
				CLANG_WARN_OBJC_LITERAL_CONVERSION = YES;
				CLANG_WARN_OBJC_ROOT_CLASS = YES_ERROR;
				CLANG_WARN_QUOTED_INCLUDE_IN_FRAMEWORK_HEADER = YES;
				CLANG_WARN_RANGE_LOOP_ANALYSIS = YES;
				CLANG_WARN_STRICT_PROTOTYPES = YES;
				CLANG_WARN_SUSPICIOUS_MOVE = YES;
				CLANG_WARN_UNGUARDED_AVAILABILITY = YES_AGGRESSIVE;
				CLANG_WARN_UNREACHABLE_CODE = YES;
				CLANG_WARN__DUPLICATE_METHOD_MATCH = YES;
				COPY_PHASE_STRIP = NO;
				DEBUG_INFORMATION_FORMAT = "dwarf-with-dsym";
				ENABLE_NS_ASSERTIONS = NO;
				ENABLE_STRICT_OBJC_MSGSEND = YES;
				GCC_C_LANGUAGE_STANDARD = gnu11;
				GCC_NO_COMMON_BLOCKS = YES;
				GCC_WARN_64_TO_32_BIT_CONVERSION = YES;
				GCC_WARN_ABOUT_RETURN_TYPE = YES_ERROR;
				GCC_WARN_UNDECLARED_SELECTOR = YES;
				GCC_WARN_UNINITIALIZED_AUTOS = YES_AGGRESSIVE;
				GCC_WARN_UNUSED_FUNCTION = YES;
				GCC_WARN_UNUSED_VARIABLE = YES;
				IPHONEOS_DEPLOYMENT_TARGET = 13.0;
				MTL_ENABLE_DEBUG_INFO = NO;
				MTL_FAST_MATH = YES;
				SDKROOT = iphoneos;
				SWIFT_COMPILATION_MODE = wholemodule;
				SWIFT_OPTIMIZATION_LEVEL = "-O";
				VALIDATE_PRODUCT = YES;
			};
			name = Release;
		};
		7D9CFA5428DDEE8000D971A7 /* Debug */ = {
			isa = XCBuildConfiguration;
			buildSettings = {
				ASSETCATALOG_COMPILER_APPICON_NAME = AppIcon;
				ASSETCATALOG_COMPILER_GLOBAL_ACCENT_COLOR_NAME = AccentColor;
				CODE_SIGN_IDENTITY = "Apple Development";
				CODE_SIGN_STYLE = Automatic;
				CURRENT_PROJECT_VERSION = 1;
				DEVELOPMENT_ASSET_PATHS = "Image\\ Feed/Info.plist";
				DEVELOPMENT_TEAM = 98N2MN935H;
				GENERATE_INFOPLIST_FILE = YES;
				INFOPLIST_FILE = "Image Feed/Info.plist";
				INFOPLIST_KEY_UIApplicationSupportsIndirectInputEvents = YES;
				INFOPLIST_KEY_UILaunchStoryboardName = LaunchScreen;
				INFOPLIST_KEY_UIMainStoryboardFile = Main;
				INFOPLIST_KEY_UISupportedInterfaceOrientations = UIInterfaceOrientationPortrait;
				INFOPLIST_KEY_UISupportedInterfaceOrientations_iPad = "UIInterfaceOrientationPortrait UIInterfaceOrientationPortraitUpsideDown UIInterfaceOrientationLandscapeLeft UIInterfaceOrientationLandscapeRight";
				INFOPLIST_KEY_UISupportedInterfaceOrientations_iPhone = UIInterfaceOrientationPortrait;
				LD_RUNPATH_SEARCH_PATHS = (
					"$(inherited)",
					"@executable_path/Frameworks",
				);
				MARKETING_VERSION = 1.0;
				PRODUCT_BUNDLE_IDENTIFIER = "ru.praktikum.Image-Feed";
				PRODUCT_NAME = "$(TARGET_NAME)";
				PROVISIONING_PROFILE_SPECIFIER = "";
				SWIFT_EMIT_LOC_STRINGS = YES;
				SWIFT_VERSION = 5.0;
				TARGETED_DEVICE_FAMILY = 1;
			};
			name = Debug;
		};
		7D9CFA5528DDEE8000D971A7 /* Release */ = {
			isa = XCBuildConfiguration;
			buildSettings = {
				ASSETCATALOG_COMPILER_APPICON_NAME = AppIcon;
				ASSETCATALOG_COMPILER_GLOBAL_ACCENT_COLOR_NAME = AccentColor;
				CODE_SIGN_IDENTITY = "Apple Development";
				CODE_SIGN_STYLE = Automatic;
				CURRENT_PROJECT_VERSION = 1;
				DEVELOPMENT_ASSET_PATHS = "Image\\ Feed/Info.plist";
				DEVELOPMENT_TEAM = 98N2MN935H;
				GENERATE_INFOPLIST_FILE = YES;
				INFOPLIST_FILE = "Image Feed/Info.plist";
				INFOPLIST_KEY_UIApplicationSupportsIndirectInputEvents = YES;
				INFOPLIST_KEY_UILaunchStoryboardName = LaunchScreen;
				INFOPLIST_KEY_UIMainStoryboardFile = Main;
				INFOPLIST_KEY_UISupportedInterfaceOrientations = UIInterfaceOrientationPortrait;
				INFOPLIST_KEY_UISupportedInterfaceOrientations_iPad = "UIInterfaceOrientationPortrait UIInterfaceOrientationPortraitUpsideDown UIInterfaceOrientationLandscapeLeft UIInterfaceOrientationLandscapeRight";
				INFOPLIST_KEY_UISupportedInterfaceOrientations_iPhone = UIInterfaceOrientationPortrait;
				LD_RUNPATH_SEARCH_PATHS = (
					"$(inherited)",
					"@executable_path/Frameworks",
				);
				MARKETING_VERSION = 1.0;
				PRODUCT_BUNDLE_IDENTIFIER = "ru.praktikum.Image-Feed";
				PRODUCT_NAME = "$(TARGET_NAME)";
				PROVISIONING_PROFILE_SPECIFIER = "";
				SWIFT_EMIT_LOC_STRINGS = YES;
				SWIFT_VERSION = 5.0;
				TARGETED_DEVICE_FAMILY = 1;
			};
			name = Release;
		};
/* End XCBuildConfiguration section */

/* Begin XCConfigurationList section */
		7D9CFA3A28DDEE7F00D971A7 /* Build configuration list for PBXProject "ImageFeed" */ = {
			isa = XCConfigurationList;
			buildConfigurations = (
				7D9CFA5128DDEE8000D971A7 /* Debug */,
				7D9CFA5228DDEE8000D971A7 /* Release */,
			);
			defaultConfigurationIsVisible = 0;
			defaultConfigurationName = Release;
		};
		7D9CFA5328DDEE8000D971A7 /* Build configuration list for PBXNativeTarget "Image Feed" */ = {
			isa = XCConfigurationList;
			buildConfigurations = (
				7D9CFA5428DDEE8000D971A7 /* Debug */,
				7D9CFA5528DDEE8000D971A7 /* Release */,
			);
			defaultConfigurationIsVisible = 0;
			defaultConfigurationName = Release;
		};
/* End XCConfigurationList section */

/* Begin XCRemoteSwiftPackageReference section */
		929BA3C8299CEAB1005DD7F3 /* XCRemoteSwiftPackageReference "ProgressHUD" */ = {
			isa = XCRemoteSwiftPackageReference;
			repositoryURL = "https://github.com/relatedcode/ProgressHUD";
			requirement = {
				kind = upToNextMajorVersion;
				minimumVersion = 13.0.0;
			};
		};
		92EB0CFD29AF097F007D9660 /* XCRemoteSwiftPackageReference "Kingfisher" */ = {
			isa = XCRemoteSwiftPackageReference;
			repositoryURL = "https://github.com/onevcat/Kingfisher.git";
			requirement = {
				kind = upToNextMajorVersion;
				minimumVersion = 7.0.0;
			};
		};
		92EB0D0029AF8B40007D9660 /* XCRemoteSwiftPackageReference "SwiftKeyChainWrapper" */ = {
			isa = XCRemoteSwiftPackageReference;
			repositoryURL = "https://github.com/jrendel/SwiftKeyChainWrapper.git";
			requirement = {
				kind = upToNextMajorVersion;
				minimumVersion = 4.0.0;
			};
		};
/* End XCRemoteSwiftPackageReference section */

/* Begin XCSwiftPackageProductDependency section */
		929BA3C9299CEAB1005DD7F3 /* ProgressHUD */ = {
			isa = XCSwiftPackageProductDependency;
			package = 929BA3C8299CEAB1005DD7F3 /* XCRemoteSwiftPackageReference "ProgressHUD" */;
			productName = ProgressHUD;
		};
		92EB0CFE29AF097F007D9660 /* Kingfisher */ = {
			isa = XCSwiftPackageProductDependency;
			package = 92EB0CFD29AF097F007D9660 /* XCRemoteSwiftPackageReference "Kingfisher" */;
			productName = Kingfisher;
		};
		92EB0D0129AF8B40007D9660 /* SwiftKeychainWrapper */ = {
			isa = XCSwiftPackageProductDependency;
			package = 92EB0D0029AF8B40007D9660 /* XCRemoteSwiftPackageReference "SwiftKeyChainWrapper" */;
			productName = SwiftKeychainWrapper;
		};
/* End XCSwiftPackageProductDependency section */
	};
	rootObject = 7D9CFA3728DDEE7F00D971A7 /* Project object */;
}
